
Microsoft Visual Studio Solution File, Format Version 12.00
# Visual Studio Express 15 for Windows Desktop
VisualStudioVersion = 15.0.28010.2050
MinimumVisualStudioVersion = 10.0.40219.1
Project("{FAE04EC0-301F-11D3-BF4B-00C04F79EFBC}") = "Shgen", "Shgen\Shgen.csproj", "{7B49E962-38B8-4AEC-A51F-4CFB2DE202B6}"
EndProject
Project("{FAE04EC0-301F-11D3-BF4B-00C04F79EFBC}") = "Tblgen", "Tblgen\Tblgen.csproj", "{A46EC712-61E4-47F9-8D3B-635611CA5095}"
EndProject
Global
	GlobalSection(SolutionConfigurationPlatforms) = preSolution
		Debug|Any CPU = Debug|Any CPU
		Release|Any CPU = Release|Any CPU
	EndGlobalSection
	GlobalSection(ProjectConfigurationPlatforms) = postSolution
		{7B49E962-38B8-4AEC-A51F-4CFB2DE202B6}.Debug|Any CPU.ActiveCfg = Debug|Any CPU
		{7B49E962-38B8-4AEC-A51F-4CFB2DE202B6}.Debug|Any CPU.Build.0 = Debug|Any CPU
		{7B49E962-38B8-4AEC-A51F-4CFB2DE202B6}.Release|Any CPU.ActiveCfg = Release|Any CPU
		{7B49E962-38B8-4AEC-A51F-4CFB2DE202B6}.Release|Any CPU.Build.0 = Release|Any CPU
		{A46EC712-61E4-47F9-8D3B-635611CA5095}.Debug|Any CPU.ActiveCfg = Debug|Any CPU
		{A46EC712-61E4-47F9-8D3B-635611CA5095}.Debug|Any CPU.Build.0 = Debug|Any CPU
		{A46EC712-61E4-47F9-8D3B-635611CA5095}.Release|Any CPU.ActiveCfg = Release|Any CPU
		{A46EC712-61E4-47F9-8D3B-635611CA5095}.Release|Any CPU.Build.0 = Release|Any CPU
	EndGlobalSection
	GlobalSection(SolutionProperties) = preSolution
		HideSolutionNode = FALSE
	EndGlobalSection
	GlobalSection(ExtensibilityGlobals) = postSolution
		SolutionGuid = {2DFFE5D0-D927-4EF1-86A6-5C5271A11290}
	EndGlobalSection
EndGlobal
